
Microsoft Visual Studio Solution File, Format Version 12.00
# Visual Studio Version 17
VisualStudioVersion = 17.11.35312.102
MinimumVisualStudioVersion = 10.0.40219.1
Project("{FAE04EC0-301F-11D3-BF4B-00C04F79EFBC}") = "CryptoTracker.Presentation", "CryptoTracker.Presentation\CryptoTracker.Presentation.csproj", "{CDBAF25E-2C73-461A-B96E-FD882EAD121E}"
EndProject
Project("{FAE04EC0-301F-11D3-BF4B-00C04F79EFBC}") = "CryptoTracker.Domain", "CryptoTracker.Domain\CryptoTracker.Domain.csproj", "{597288C9-A3DB-45E4-9CE4-33F517CC462B}"
EndProject
Project("{FAE04EC0-301F-11D3-BF4B-00C04F79EFBC}") = "CryptoTracker.Application", "CryptoTracker.Application\CryptoTracker.Application.csproj", "{89B3FB46-F9BF-4333-9828-927495144423}"
EndProject
Project("{FAE04EC0-301F-11D3-BF4B-00C04F79EFBC}") = "CryptoTracker.Infrastructure", "CryptoTracker.Infrastructure\CryptoTracker.Infrastructure.csproj", "{664EFB6E-0247-4FF1-9F52-E5377A0C9EE4}"
EndProject
Global
	GlobalSection(SolutionConfigurationPlatforms) = preSolution
		Debug|Any CPU = Debug|Any CPU
		Release|Any CPU = Release|Any CPU
	EndGlobalSection
	GlobalSection(ProjectConfigurationPlatforms) = postSolution
		{CDBAF25E-2C73-461A-B96E-FD882EAD121E}.Debug|Any CPU.ActiveCfg = Debug|Any CPU
		{CDBAF25E-2C73-461A-B96E-FD882EAD121E}.Debug|Any CPU.Build.0 = Debug|Any CPU
		{CDBAF25E-2C73-461A-B96E-FD882EAD121E}.Release|Any CPU.ActiveCfg = Release|Any CPU
		{CDBAF25E-2C73-461A-B96E-FD882EAD121E}.Release|Any CPU.Build.0 = Release|Any CPU
		{597288C9-A3DB-45E4-9CE4-33F517CC462B}.Debug|Any CPU.ActiveCfg = Debug|Any CPU
		{597288C9-A3DB-45E4-9CE4-33F517CC462B}.Debug|Any CPU.Build.0 = Debug|Any CPU
		{597288C9-A3DB-45E4-9CE4-33F517CC462B}.Release|Any CPU.ActiveCfg = Release|Any CPU
		{597288C9-A3DB-45E4-9CE4-33F517CC462B}.Release|Any CPU.Build.0 = Release|Any CPU
		{89B3FB46-F9BF-4333-9828-927495144423}.Debug|Any CPU.ActiveCfg = Debug|Any CPU
		{89B3FB46-F9BF-4333-9828-927495144423}.Debug|Any CPU.Build.0 = Debug|Any CPU
		{89B3FB46-F9BF-4333-9828-927495144423}.Release|Any CPU.ActiveCfg = Release|Any CPU
		{89B3FB46-F9BF-4333-9828-927495144423}.Release|Any CPU.Build.0 = Release|Any CPU
		{664EFB6E-0247-4FF1-9F52-E5377A0C9EE4}.Debug|Any CPU.ActiveCfg = Debug|Any CPU
		{664EFB6E-0247-4FF1-9F52-E5377A0C9EE4}.Debug|Any CPU.Build.0 = Debug|Any CPU
		{664EFB6E-0247-4FF1-9F52-E5377A0C9EE4}.Release|Any CPU.ActiveCfg = Release|Any CPU
		{664EFB6E-0247-4FF1-9F52-E5377A0C9EE4}.Release|Any CPU.Build.0 = Release|Any CPU
	EndGlobalSection
	GlobalSection(SolutionProperties) = preSolution
		HideSolutionNode = FALSE
	EndGlobalSection
	GlobalSection(ExtensibilityGlobals) = postSolution
		SolutionGuid = {1F669140-D425-456E-8F50-DB08AAF13F93}
	EndGlobalSection
EndGlobal
